
Microsoft Visual Studio Solution File, Format Version 12.00
# Visual Studio Version 17
VisualStudioVersion = 17.0.31903.59
MinimumVisualStudioVersion = 10.0.40219.1
Project("{FAE04EC0-301F-11D3-BF4B-00C04F79EFBC}") = "FinTrack.Expenses", "FinTrack.Expenses\FinTrack.Expenses.csproj", "{723673F7-6589-4304-BEAF-295D164E84B3}"
EndProject
Project("{FAE04EC0-301F-11D3-BF4B-00C04F79EFBC}") = "FinTrack.Model", "FinTrack.Model\FinTrack.Model.csproj", "{09253315-1A9C-EABC-14BC-D145ABEE8454}"
EndProject
Project("{FAE04EC0-301F-11D3-BF4B-00C04F79EFBC}") = "FinTrack.Database", "FinTrack.Database\FinTrack.Database.csproj", "{FA74BC72-39F2-40A1-A4F4-230A9D0DD14A}"
EndProject
Project("{2150E333-8FDC-42A3-9474-1A3956D46DE8}") = "Libraries", "Libraries", "{02EA681E-C7D8-13C7-8484-4AC65E1B71E8}"
EndProject
Project("{FAE04EC0-301F-11D3-BF4B-00C04F79EFBC}") = "FinTrack.Education", "FinTrack.Education\FinTrack.Education.csproj", "{E685CC5C-AB3D-46DE-9282-0967A92FA3A2}"
EndProject
Global
	GlobalSection(SolutionConfigurationPlatforms) = preSolution
		Debug|Any CPU = Debug|Any CPU
		Debug|x64 = Debug|x64
		Debug|x86 = Debug|x86
		Release|Any CPU = Release|Any CPU
		Release|x64 = Release|x64
		Release|x86 = Release|x86
	EndGlobalSection
	GlobalSection(ProjectConfigurationPlatforms) = postSolution
		{723673F7-6589-4304-BEAF-295D164E84B3}.Debug|Any CPU.ActiveCfg = Debug|Any CPU
		{723673F7-6589-4304-BEAF-295D164E84B3}.Debug|Any CPU.Build.0 = Debug|Any CPU
		{723673F7-6589-4304-BEAF-295D164E84B3}.Debug|x64.ActiveCfg = Debug|Any CPU
		{723673F7-6589-4304-BEAF-295D164E84B3}.Debug|x64.Build.0 = Debug|Any CPU
		{723673F7-6589-4304-BEAF-295D164E84B3}.Debug|x86.ActiveCfg = Debug|Any CPU
		{723673F7-6589-4304-BEAF-295D164E84B3}.Debug|x86.Build.0 = Debug|Any CPU
		{723673F7-6589-4304-BEAF-295D164E84B3}.Release|Any CPU.ActiveCfg = Release|Any CPU
		{723673F7-6589-4304-BEAF-295D164E84B3}.Release|Any CPU.Build.0 = Release|Any CPU
		{723673F7-6589-4304-BEAF-295D164E84B3}.Release|x64.ActiveCfg = Release|Any CPU
		{723673F7-6589-4304-BEAF-295D164E84B3}.Release|x64.Build.0 = Release|Any CPU
		{723673F7-6589-4304-BEAF-295D164E84B3}.Release|x86.ActiveCfg = Release|Any CPU
		{723673F7-6589-4304-BEAF-295D164E84B3}.Release|x86.Build.0 = Release|Any CPU
		{09253315-1A9C-EABC-14BC-D145ABEE8454}.Debug|Any CPU.ActiveCfg = Debug|Any CPU
		{09253315-1A9C-EABC-14BC-D145ABEE8454}.Debug|Any CPU.Build.0 = Debug|Any CPU
		{09253315-1A9C-EABC-14BC-D145ABEE8454}.Debug|x64.ActiveCfg = Debug|Any CPU
		{09253315-1A9C-EABC-14BC-D145ABEE8454}.Debug|x64.Build.0 = Debug|Any CPU
		{09253315-1A9C-EABC-14BC-D145ABEE8454}.Debug|x86.ActiveCfg = Debug|Any CPU
		{09253315-1A9C-EABC-14BC-D145ABEE8454}.Debug|x86.Build.0 = Debug|Any CPU
		{09253315-1A9C-EABC-14BC-D145ABEE8454}.Release|Any CPU.ActiveCfg = Release|Any CPU
		{09253315-1A9C-EABC-14BC-D145ABEE8454}.Release|Any CPU.Build.0 = Release|Any CPU
		{09253315-1A9C-EABC-14BC-D145ABEE8454}.Release|x64.ActiveCfg = Release|Any CPU
		{09253315-1A9C-EABC-14BC-D145ABEE8454}.Release|x64.Build.0 = Release|Any CPU
		{09253315-1A9C-EABC-14BC-D145ABEE8454}.Release|x86.ActiveCfg = Release|Any CPU
		{09253315-1A9C-EABC-14BC-D145ABEE8454}.Release|x86.Build.0 = Release|Any CPU
		{FA74BC72-39F2-40A1-A4F4-230A9D0DD14A}.Debug|Any CPU.ActiveCfg = Debug|Any CPU
		{FA74BC72-39F2-40A1-A4F4-230A9D0DD14A}.Debug|Any CPU.Build.0 = Debug|Any CPU
		{FA74BC72-39F2-40A1-A4F4-230A9D0DD14A}.Debug|x64.ActiveCfg = Debug|Any CPU
		{FA74BC72-39F2-40A1-A4F4-230A9D0DD14A}.Debug|x64.Build.0 = Debug|Any CPU
		{FA74BC72-39F2-40A1-A4F4-230A9D0DD14A}.Debug|x86.ActiveCfg = Debug|Any CPU
		{FA74BC72-39F2-40A1-A4F4-230A9D0DD14A}.Debug|x86.Build.0 = Debug|Any CPU
		{FA74BC72-39F2-40A1-A4F4-230A9D0DD14A}.Release|Any CPU.ActiveCfg = Release|Any CPU
		{FA74BC72-39F2-40A1-A4F4-230A9D0DD14A}.Release|Any CPU.Build.0 = Release|Any CPU
		{FA74BC72-39F2-40A1-A4F4-230A9D0DD14A}.Release|x64.ActiveCfg = Release|Any CPU
		{FA74BC72-39F2-40A1-A4F4-230A9D0DD14A}.Release|x64.Build.0 = Release|Any CPU
		{FA74BC72-39F2-40A1-A4F4-230A9D0DD14A}.Release|x86.ActiveCfg = Release|Any CPU
		{FA74BC72-39F2-40A1-A4F4-230A9D0DD14A}.Release|x86.Build.0 = Release|Any CPU
		{E685CC5C-AB3D-46DE-9282-0967A92FA3A2}.Debug|Any CPU.ActiveCfg = Debug|Any CPU
		{E685CC5C-AB3D-46DE-9282-0967A92FA3A2}.Debug|Any CPU.Build.0 = Debug|Any CPU
		{E685CC5C-AB3D-46DE-9282-0967A92FA3A2}.Debug|x64.ActiveCfg = Debug|Any CPU
		{E685CC5C-AB3D-46DE-9282-0967A92FA3A2}.Debug|x64.Build.0 = Debug|Any CPU
		{E685CC5C-AB3D-46DE-9282-0967A92FA3A2}.Debug|x86.ActiveCfg = Debug|Any CPU
		{E685CC5C-AB3D-46DE-9282-0967A92FA3A2}.Debug|x86.Build.0 = Debug|Any CPU
		{E685CC5C-AB3D-46DE-9282-0967A92FA3A2}.Release|Any CPU.ActiveCfg = Release|Any CPU
		{E685CC5C-AB3D-46DE-9282-0967A92FA3A2}.Release|Any CPU.Build.0 = Release|Any CPU
		{E685CC5C-AB3D-46DE-9282-0967A92FA3A2}.Release|x64.ActiveCfg = Release|Any CPU
		{E685CC5C-AB3D-46DE-9282-0967A92FA3A2}.Release|x64.Build.0 = Release|Any CPU
		{E685CC5C-AB3D-46DE-9282-0967A92FA3A2}.Release|x86.ActiveCfg = Release|Any CPU
		{E685CC5C-AB3D-46DE-9282-0967A92FA3A2}.Release|x86.Build.0 = Release|Any CPU
	EndGlobalSection
	GlobalSection(SolutionProperties) = preSolution
		HideSolutionNode = FALSE
	EndGlobalSection
	GlobalSection(NestedProjects) = preSolution
		{09253315-1A9C-EABC-14BC-D145ABEE8454} = {02EA681E-C7D8-13C7-8484-4AC65E1B71E8}
		{FA74BC72-39F2-40A1-A4F4-230A9D0DD14A} = {02EA681E-C7D8-13C7-8484-4AC65E1B71E8}
	EndGlobalSection
	GlobalSection(ExtensibilityGlobals) = postSolution
		SolutionGuid = {66CF6CDC-2845-4806-B5C0-D2CAC4E9EB17}
	EndGlobalSection
EndGlobal
